{
	"name": "service-template",
	"version": "1.0.0",
	"lockfileVersion": 2,
	"requires": true,
	"packages": {
		"": {
			"name": "service-template",
			"version": "1.0.0",
			"hasInstallScript": true,
			"license": "ISC",
			"dependencies": {
				"node-beep": "^0.0.3",
				"os-service": "^2.2.0"
			},
			"devDependencies": {
				"@types/node": "^18.11.0",
				"@types/os-service": "^2.2.1",
				"typescript": "^4.8.4"
			}
		},
		"node_modules/@types/node": {
			"version": "18.11.0",
			"resolved": "https://registry.npmjs.org/@types/node/-/node-18.11.0.tgz",
			"integrity": "sha512-IOXCvVRToe7e0ny7HpT/X9Rb2RYtElG1a+VshjwT00HxrM2dWBApHQoqsI6WiY7Q03vdf2bCrIGzVrkF/5t10w==",
			"dev": true
		},
		"node_modules/@types/os-service": {
			"version": "2.2.1",
			"resolved": "https://registry.npmjs.org/@types/os-service/-/os-service-2.2.1.tgz",
			"integrity": "sha512-PoshKDJ6OlCqjahtB7d43xZEAnfdDKUZxFawJClBXZvoWNglIolZzq3llKHf+qfZF2bcG0vrs46iMFiuN8q8sw==",
			"dev": true
		},
		"node_modules/bindings": {
			"version": "1.2.1",
			"resolved": "https://registry.npmjs.org/bindings/-/bindings-1.2.1.tgz",
			"integrity": "sha512-u4cBQNepWxYA55FunZSM7wMi55yQaN0otnhhilNoWHq0MfOfJeQx0v0mRRpolGOExPjZcl6FtB0BB8Xkb88F0g=="
		},
		"node_modules/nan": {
			"version": "2.14.2",
			"resolved": "https://registry.npmjs.org/nan/-/nan-2.14.2.tgz",
			"integrity": "sha512-M2ufzIiINKCuDfBSAUr1vWQ+vuVcA9kqx8JJUsbQi6yf1uGRyb7HfpdfUr5qLXf3B/t8dPvcjhKMmlfnP47EzQ=="
		},
		"node_modules/node-beep": {
			"version": "0.0.3",
			"resolved": "https://registry.npmjs.org/node-beep/-/node-beep-0.0.3.tgz",
			"integrity": "sha512-M6J3aeHLQB3k/+VcfCRTWVmQ444xXIm/dBVuCOGlPjPxi+RMV2w/neT6rKFeJtubnKbmT6s1PFFLQjNphDR3mw==",
			"hasInstallScript": true,
			"dependencies": {
				"bindings": "~1.2.1"
			},
			"engines": {
				"node": ">=0.8.0"
			}
		},
		"node_modules/os-service": {
			"version": "2.2.0",
			"resolved": "https://registry.npmjs.org/os-service/-/os-service-2.2.0.tgz",
			"integrity": "sha512-bc1BBoCCbVjHqF/EWYvCu0hE/PSs2VM/5lQLPqjkjelP0FQSI42s8/J8gMA1nqeNqyo2MaEFnlBz4ViI5IZxdQ==",
			"hasInstallScript": true,
			"dependencies": {
				"nan": "2.14.x"
			}
		},
		"node_modules/typescript": {
			"version": "4.8.4",
			"resolved": "https://registry.npmjs.org/typescript/-/typescript-4.8.4.tgz",
			"integrity": "sha512-QCh+85mCy+h0IGff8r5XWzOVSbBO+KfeYrMQh7NJ58QujwcE22u+NUSmUxqF+un70P9GXKxa2HCNiTTMJknyjQ==",
			"dev": true,
			"bin": {
				"tsc": "bin/tsc",
				"tsserver": "bin/tsserver"
			},
			"engines": {
				"node": ">=4.2.0"
			}
		}
	},
	"dependencies": {
		"@types/node": {
			"version": "18.11.0",
			"resolved": "https://registry.npmjs.org/@types/node/-/node-18.11.0.tgz",
			"integrity": "sha512-IOXCvVRToe7e0ny7HpT/X9Rb2RYtElG1a+VshjwT00HxrM2dWBApHQoqsI6WiY7Q03vdf2bCrIGzVrkF/5t10w==",
			"dev": true
		},
		"@types/os-service": {
			"version": "2.2.1",
			"resolved": "https://registry.npmjs.org/@types/os-service/-/os-service-2.2.1.tgz",
			"integrity": "sha512-PoshKDJ6OlCqjahtB7d43xZEAnfdDKUZxFawJClBXZvoWNglIolZzq3llKHf+qfZF2bcG0vrs46iMFiuN8q8sw==",
			"dev": true
		},
		"bindings": {
			"version": "1.2.1",
			"resolved": "https://registry.npmjs.org/bindings/-/bindings-1.2.1.tgz",
			"integrity": "sha512-u4cBQNepWxYA55FunZSM7wMi55yQaN0otnhhilNoWHq0MfOfJeQx0v0mRRpolGOExPjZcl6FtB0BB8Xkb88F0g=="
		},
		"nan": {
			"version": "2.14.2",
			"resolved": "https://registry.npmjs.org/nan/-/nan-2.14.2.tgz",
			"integrity": "sha512-M2ufzIiINKCuDfBSAUr1vWQ+vuVcA9kqx8JJUsbQi6yf1uGRyb7HfpdfUr5qLXf3B/t8dPvcjhKMmlfnP47EzQ=="
		},
		"node-beep": {
			"version": "0.0.3",
			"resolved": "https://registry.npmjs.org/node-beep/-/node-beep-0.0.3.tgz",
			"integrity": "sha512-M6J3aeHLQB3k/+VcfCRTWVmQ444xXIm/dBVuCOGlPjPxi+RMV2w/neT6rKFeJtubnKbmT6s1PFFLQjNphDR3mw==",
			"requires": {
				"bindings": "~1.2.1"
			}
		},
		"os-service": {
			"version": "2.2.0",
			"resolved": "https://registry.npmjs.org/os-service/-/os-service-2.2.0.tgz",
			"integrity": "sha512-bc1BBoCCbVjHqF/EWYvCu0hE/PSs2VM/5lQLPqjkjelP0FQSI42s8/J8gMA1nqeNqyo2MaEFnlBz4ViI5IZxdQ==",
			"requires": {
				"nan": "2.14.x"
			}
		},
		"typescript": {
			"version": "4.8.4",
			"resolved": "https://registry.npmjs.org/typescript/-/typescript-4.8.4.tgz",
			"integrity": "sha512-QCh+85mCy+h0IGff8r5XWzOVSbBO+KfeYrMQh7NJ58QujwcE22u+NUSmUxqF+un70P9GXKxa2HCNiTTMJknyjQ==",
			"dev": true
		}
	}
}
